
Microsoft Visual Studio Solution File, Format Version 12.00
# Visual Studio Version 17
VisualStudioVersion = 17.9.34622.214
MinimumVisualStudioVersion = 10.0.40219.1
Project("{9A19103F-16F7-4668-BE54-9A1E7A4F7556}") = "Shoe_Store_HandleAPI", "Shoe_Store_HandleAPI\Shoe_Store_HandleAPI.csproj", "{6FDC51A7-9358-47C3-A49D-D213982A1BEB}"
EndProject
Project("{FAE04EC0-301F-11D3-BF4B-00C04F79EFBC}") = "Shoe_Store", "Shoe_Store\Shoe_Store.csproj", "{0531FC90-FD6C-40B6-8371-4E255C89AD70}"
EndProject
Global
	GlobalSection(SolutionConfigurationPlatforms) = preSolution
		Debug|Any CPU = Debug|Any CPU
		Release|Any CPU = Release|Any CPU
	EndGlobalSection
	GlobalSection(ProjectConfigurationPlatforms) = postSolution
		{6FDC51A7-9358-47C3-A49D-D213982A1BEB}.Debug|Any CPU.ActiveCfg = Debug|Any CPU
		{6FDC51A7-9358-47C3-A49D-D213982A1BEB}.Debug|Any CPU.Build.0 = Debug|Any CPU
		{6FDC51A7-9358-47C3-A49D-D213982A1BEB}.Release|Any CPU.ActiveCfg = Release|Any CPU
		{6FDC51A7-9358-47C3-A49D-D213982A1BEB}.Release|Any CPU.Build.0 = Release|Any CPU
		{0531FC90-FD6C-40B6-8371-4E255C89AD70}.Debug|Any CPU.ActiveCfg = Debug|Any CPU
		{0531FC90-FD6C-40B6-8371-4E255C89AD70}.Debug|Any CPU.Build.0 = Debug|Any CPU
		{0531FC90-FD6C-40B6-8371-4E255C89AD70}.Release|Any CPU.ActiveCfg = Release|Any CPU
		{0531FC90-FD6C-40B6-8371-4E255C89AD70}.Release|Any CPU.Build.0 = Release|Any CPU
	EndGlobalSection
	GlobalSection(SolutionProperties) = preSolution
		HideSolutionNode = FALSE
	EndGlobalSection
	GlobalSection(ExtensibilityGlobals) = postSolution
		SolutionGuid = {2D97BD59-73F8-407B-A2CD-6AF0698286BB}
	EndGlobalSection
EndGlobal
